
Microsoft Visual Studio Solution File, Format Version 9.00
# Visual Studio 2005
Project("{F184B08F-C81C-45F6-A57F-5ABD9991F28F}") = "ARAS SendTo", "ARAS SendTo\ARAS SendTo.vbproj", "{C81A8B15-9C2C-4F6E-BAEC-9FFF952C5F02}"
EndProject
Global
	GlobalSection(SolutionConfigurationPlatforms) = preSolution
		Debug|Any CPU = Debug|Any CPU
		Release|Any CPU = Release|Any CPU
	EndGlobalSection
	GlobalSection(ProjectConfigurationPlatforms) = postSolution
		{C81A8B15-9C2C-4F6E-BAEC-9FFF952C5F02}.Debug|Any CPU.ActiveCfg = Debug|Any CPU
		{C81A8B15-9C2C-4F6E-BAEC-9FFF952C5F02}.Debug|Any CPU.Build.0 = Debug|Any CPU
		{C81A8B15-9C2C-4F6E-BAEC-9FFF952C5F02}.Release|Any CPU.ActiveCfg = Release|Any CPU
		{C81A8B15-9C2C-4F6E-BAEC-9FFF952C5F02}.Release|Any CPU.Build.0 = Release|Any CPU
	EndGlobalSection
	GlobalSection(SolutionProperties) = preSolution
		HideSolutionNode = FALSE
	EndGlobalSection
EndGlobal
